
Microsoft Visual Studio Solution File, Format Version 12.00
# Visual Studio Version 16
VisualStudioVersion = 16.0.30320.27
MinimumVisualStudioVersion = 10.0.40219.1
Project("{FAE04EC0-301F-11D3-BF4B-00C04F79EFBC}") = "StringAssignment", "StringAssignment\StringAssignment.csproj", "{B7B51F1E-F0C5-472C-B1E1-2E3E173A4361}"
EndProject
Global
	GlobalSection(SolutionConfigurationPlatforms) = preSolution
		Debug|Any CPU = Debug|Any CPU
		Release|Any CPU = Release|Any CPU
	EndGlobalSection
	GlobalSection(ProjectConfigurationPlatforms) = postSolution
		{B7B51F1E-F0C5-472C-B1E1-2E3E173A4361}.Debug|Any CPU.ActiveCfg = Debug|Any CPU
		{B7B51F1E-F0C5-472C-B1E1-2E3E173A4361}.Debug|Any CPU.Build.0 = Debug|Any CPU
		{B7B51F1E-F0C5-472C-B1E1-2E3E173A4361}.Release|Any CPU.ActiveCfg = Release|Any CPU
		{B7B51F1E-F0C5-472C-B1E1-2E3E173A4361}.Release|Any CPU.Build.0 = Release|Any CPU
	EndGlobalSection
	GlobalSection(SolutionProperties) = preSolution
		HideSolutionNode = FALSE
	EndGlobalSection
	GlobalSection(ExtensibilityGlobals) = postSolution
		SolutionGuid = {C94B48A2-A395-47E0-9226-1CA4E2A51303}
	EndGlobalSection
EndGlobal
